
Microsoft Visual Studio Solution File, Format Version 12.00
# Visual Studio Version 17
VisualStudioVersion = 17.14.37012.4 d17.14
MinimumVisualStudioVersion = 10.0.40219.1
Project("{FAE04EC0-301F-11D3-BF4B-00C04F79EFBC}") = "Presentacion", "Presentacion\Presentacion.csproj", "{1C147DB9-9F5E-46FD-8454-0379CCF64CB2}"
EndProject
Project("{FAE04EC0-301F-11D3-BF4B-00C04F79EFBC}") = "Negocio", "Negocio\Negocio.csproj", "{0E9F4BF9-743F-42BD-BAFE-D0BD4A3B3FC3}"
EndProject
Project("{FAE04EC0-301F-11D3-BF4B-00C04F79EFBC}") = "Datos", "Datos\Datos.csproj", "{794097F0-A6E2-454C-B4CB-BABD5BC348AE}"
EndProject
Global
	GlobalSection(SolutionConfigurationPlatforms) = preSolution
		Debug|Any CPU = Debug|Any CPU
		Release|Any CPU = Release|Any CPU
	EndGlobalSection
	GlobalSection(ProjectConfigurationPlatforms) = postSolution
		{1C147DB9-9F5E-46FD-8454-0379CCF64CB2}.Debug|Any CPU.ActiveCfg = Debug|Any CPU
		{1C147DB9-9F5E-46FD-8454-0379CCF64CB2}.Debug|Any CPU.Build.0 = Debug|Any CPU
		{1C147DB9-9F5E-46FD-8454-0379CCF64CB2}.Release|Any CPU.ActiveCfg = Release|Any CPU
		{1C147DB9-9F5E-46FD-8454-0379CCF64CB2}.Release|Any CPU.Build.0 = Release|Any CPU
		{0E9F4BF9-743F-42BD-BAFE-D0BD4A3B3FC3}.Debug|Any CPU.ActiveCfg = Debug|Any CPU
		{0E9F4BF9-743F-42BD-BAFE-D0BD4A3B3FC3}.Debug|Any CPU.Build.0 = Debug|Any CPU
		{0E9F4BF9-743F-42BD-BAFE-D0BD4A3B3FC3}.Release|Any CPU.ActiveCfg = Release|Any CPU
		{0E9F4BF9-743F-42BD-BAFE-D0BD4A3B3FC3}.Release|Any CPU.Build.0 = Release|Any CPU
		{794097F0-A6E2-454C-B4CB-BABD5BC348AE}.Debug|Any CPU.ActiveCfg = Debug|Any CPU
		{794097F0-A6E2-454C-B4CB-BABD5BC348AE}.Debug|Any CPU.Build.0 = Debug|Any CPU
		{794097F0-A6E2-454C-B4CB-BABD5BC348AE}.Release|Any CPU.ActiveCfg = Release|Any CPU
		{794097F0-A6E2-454C-B4CB-BABD5BC348AE}.Release|Any CPU.Build.0 = Release|Any CPU
	EndGlobalSection
	GlobalSection(SolutionProperties) = preSolution
		HideSolutionNode = FALSE
	EndGlobalSection
	GlobalSection(ExtensibilityGlobals) = postSolution
		SolutionGuid = {E248592D-7036-44FB-8B2A-765DCD3D3168}
	EndGlobalSection
EndGlobal
