
Microsoft Visual Studio Solution File, Format Version 12.00
# Visual Studio Version 17
VisualStudioVersion = 17.14.36429.23
MinimumVisualStudioVersion = 10.0.40219.1
Project("{FAE04EC0-301F-11D3-BF4B-00C04F79EFBC}") = "OpenWebinarsConsoleApp", "OpenWebinarsConsoleApp.csproj", "{1EEA7D9E-D741-4D32-B806-7C70C82FEEF6}"
EndProject
Project("{FAE04EC0-301F-11D3-BF4B-00C04F79EFBC}") = "ReflectionSample", "..\ReflectionSample\ReflectionSample.csproj", "{101C4FF8-BBE8-40FC-A58D-3BDDFC86AE90}"
EndProject
Global
	GlobalSection(SolutionConfigurationPlatforms) = preSolution
		Debug|Any CPU = Debug|Any CPU
		Release|Any CPU = Release|Any CPU
	EndGlobalSection
	GlobalSection(ProjectConfigurationPlatforms) = postSolution
		{1EEA7D9E-D741-4D32-B806-7C70C82FEEF6}.Debug|Any CPU.ActiveCfg = Debug|Any CPU
		{1EEA7D9E-D741-4D32-B806-7C70C82FEEF6}.Debug|Any CPU.Build.0 = Debug|Any CPU
		{1EEA7D9E-D741-4D32-B806-7C70C82FEEF6}.Release|Any CPU.ActiveCfg = Release|Any CPU
		{1EEA7D9E-D741-4D32-B806-7C70C82FEEF6}.Release|Any CPU.Build.0 = Release|Any CPU
		{101C4FF8-BBE8-40FC-A58D-3BDDFC86AE90}.Debug|Any CPU.ActiveCfg = Debug|Any CPU
		{101C4FF8-BBE8-40FC-A58D-3BDDFC86AE90}.Debug|Any CPU.Build.0 = Debug|Any CPU
		{101C4FF8-BBE8-40FC-A58D-3BDDFC86AE90}.Release|Any CPU.ActiveCfg = Release|Any CPU
		{101C4FF8-BBE8-40FC-A58D-3BDDFC86AE90}.Release|Any CPU.Build.0 = Release|Any CPU
	EndGlobalSection
	GlobalSection(SolutionProperties) = preSolution
		HideSolutionNode = FALSE
	EndGlobalSection
	GlobalSection(ExtensibilityGlobals) = postSolution
		SolutionGuid = {333E1000-EB70-4E58-A27F-864354E73113}
	EndGlobalSection
EndGlobal
