
Microsoft Visual Studio Solution File, Format Version 12.00
# Visual Studio Version 17
VisualStudioVersion = 17.14.36616.10 d17.14
MinimumVisualStudioVersion = 10.0.40219.1
Project("{FAE04EC0-301F-11D3-BF4B-00C04F79EFBC}") = "OpenWebinarsMVVM", "OpenWebinarsMVVM.csproj", "{78F84FDD-CBFD-4105-9146-6E9DBF252941}"
EndProject
Global
	GlobalSection(SolutionConfigurationPlatforms) = preSolution
		Debug|Any CPU = Debug|Any CPU
		Release|Any CPU = Release|Any CPU
	EndGlobalSection
	GlobalSection(ProjectConfigurationPlatforms) = postSolution
		{78F84FDD-CBFD-4105-9146-6E9DBF252941}.Debug|Any CPU.ActiveCfg = Debug|Any CPU
		{78F84FDD-CBFD-4105-9146-6E9DBF252941}.Debug|Any CPU.Build.0 = Debug|Any CPU
		{78F84FDD-CBFD-4105-9146-6E9DBF252941}.Release|Any CPU.ActiveCfg = Release|Any CPU
		{78F84FDD-CBFD-4105-9146-6E9DBF252941}.Release|Any CPU.Build.0 = Release|Any CPU
	EndGlobalSection
	GlobalSection(SolutionProperties) = preSolution
		HideSolutionNode = FALSE
	EndGlobalSection
	GlobalSection(ExtensibilityGlobals) = postSolution
		SolutionGuid = {AF0DC04B-6255-4998-BF75-75171D61DC76}
	EndGlobalSection
EndGlobal
